
Microsoft Visual Studio Solution File, Format Version 12.00
# Visual Studio Version 16
VisualStudioVersion = 16.0.31019.35
MinimumVisualStudioVersion = 10.0.40219.1
Project("{FAE04EC0-301F-11D3-BF4B-00C04F79EFBC}") = "Entities", "Entities\Entities.csproj", "{199FE4B0-9410-41FA-8E77-09A701630E8C}"
EndProject
Project("{FAE04EC0-301F-11D3-BF4B-00C04F79EFBC}") = "Business", "Business\Business.csproj", "{F7E18540-C958-4FAB-A65A-CEA51165A71A}"
EndProject
Project("{FAE04EC0-301F-11D3-BF4B-00C04F79EFBC}") = "DataAccess", "DataAccess\DataAccess.csproj", "{32EC5A48-A9AE-4F39-BA5A-6BD926802DD7}"
EndProject
Project("{FAE04EC0-301F-11D3-BF4B-00C04F79EFBC}") = "Core", "Core\Core.csproj", "{D0A7E2F0-05A1-4E8B-A23C-D2F154E30885}"
EndProject
Project("{FAE04EC0-301F-11D3-BF4B-00C04F79EFBC}") = "WebAPI", "WebAPI\WebAPI.csproj", "{4398B835-ED2D-489D-ADFD-2D2D7F9535EC}"
EndProject
Global
	GlobalSection(SolutionConfigurationPlatforms) = preSolution
		Debug|Any CPU = Debug|Any CPU
		Release|Any CPU = Release|Any CPU
	EndGlobalSection
	GlobalSection(ProjectConfigurationPlatforms) = postSolution
		{199FE4B0-9410-41FA-8E77-09A701630E8C}.Debug|Any CPU.ActiveCfg = Debug|Any CPU
		{199FE4B0-9410-41FA-8E77-09A701630E8C}.Debug|Any CPU.Build.0 = Debug|Any CPU
		{199FE4B0-9410-41FA-8E77-09A701630E8C}.Release|Any CPU.ActiveCfg = Release|Any CPU
		{199FE4B0-9410-41FA-8E77-09A701630E8C}.Release|Any CPU.Build.0 = Release|Any CPU
		{F7E18540-C958-4FAB-A65A-CEA51165A71A}.Debug|Any CPU.ActiveCfg = Debug|Any CPU
		{F7E18540-C958-4FAB-A65A-CEA51165A71A}.Debug|Any CPU.Build.0 = Debug|Any CPU
		{F7E18540-C958-4FAB-A65A-CEA51165A71A}.Release|Any CPU.ActiveCfg = Release|Any CPU
		{F7E18540-C958-4FAB-A65A-CEA51165A71A}.Release|Any CPU.Build.0 = Release|Any CPU
		{32EC5A48-A9AE-4F39-BA5A-6BD926802DD7}.Debug|Any CPU.ActiveCfg = Debug|Any CPU
		{32EC5A48-A9AE-4F39-BA5A-6BD926802DD7}.Debug|Any CPU.Build.0 = Debug|Any CPU
		{32EC5A48-A9AE-4F39-BA5A-6BD926802DD7}.Release|Any CPU.ActiveCfg = Release|Any CPU
		{32EC5A48-A9AE-4F39-BA5A-6BD926802DD7}.Release|Any CPU.Build.0 = Release|Any CPU
		{D0A7E2F0-05A1-4E8B-A23C-D2F154E30885}.Debug|Any CPU.ActiveCfg = Debug|Any CPU
		{D0A7E2F0-05A1-4E8B-A23C-D2F154E30885}.Debug|Any CPU.Build.0 = Debug|Any CPU
		{D0A7E2F0-05A1-4E8B-A23C-D2F154E30885}.Release|Any CPU.ActiveCfg = Release|Any CPU
		{D0A7E2F0-05A1-4E8B-A23C-D2F154E30885}.Release|Any CPU.Build.0 = Release|Any CPU
		{4398B835-ED2D-489D-ADFD-2D2D7F9535EC}.Debug|Any CPU.ActiveCfg = Debug|Any CPU
		{4398B835-ED2D-489D-ADFD-2D2D7F9535EC}.Debug|Any CPU.Build.0 = Debug|Any CPU
		{4398B835-ED2D-489D-ADFD-2D2D7F9535EC}.Release|Any CPU.ActiveCfg = Release|Any CPU
		{4398B835-ED2D-489D-ADFD-2D2D7F9535EC}.Release|Any CPU.Build.0 = Release|Any CPU
	EndGlobalSection
	GlobalSection(SolutionProperties) = preSolution
		HideSolutionNode = FALSE
	EndGlobalSection
	GlobalSection(ExtensibilityGlobals) = postSolution
		SolutionGuid = {90822C18-9D2B-42E9-AAD3-A1DE68DB98D8}
	EndGlobalSection
EndGlobal
